
Microsoft Visual Studio Solution File, Format Version 12.00
# Visual Studio Version 16
VisualStudioVersion = 16.0.810.23
MinimumVisualStudioVersion = 10.0.40219.1
Project("{FAE04EC0-301F-11D3-BF4B-00C04F79EFBC}") = "vn_mode_csharp_dz28", "vn_mode_csharp_dz28.csproj", "{97130D3A-A646-4F40-9BA8-B4149B736AE0}"
EndProject
Global
	GlobalSection(SolutionConfigurationPlatforms) = preSolution
		Debug|Any CPU = Debug|Any CPU
		Release|Any CPU = Release|Any CPU
	EndGlobalSection
	GlobalSection(ProjectConfigurationPlatforms) = postSolution
		{97130D3A-A646-4F40-9BA8-B4149B736AE0}.Debug|Any CPU.ActiveCfg = Debug|Any CPU
		{97130D3A-A646-4F40-9BA8-B4149B736AE0}.Debug|Any CPU.Build.0 = Debug|Any CPU
		{97130D3A-A646-4F40-9BA8-B4149B736AE0}.Release|Any CPU.ActiveCfg = Release|Any CPU
		{97130D3A-A646-4F40-9BA8-B4149B736AE0}.Release|Any CPU.Build.0 = Release|Any CPU
	EndGlobalSection
	GlobalSection(SolutionProperties) = preSolution
		HideSolutionNode = FALSE
	EndGlobalSection
	GlobalSection(ExtensibilityGlobals) = postSolution
		SolutionGuid = {1A583F41-652D-45CC-873B-F856A752F676}
	EndGlobalSection
EndGlobal
